{
  "nodes": {
    "firefox-addons": {
      "inputs": {
        "flake-utils": "flake-utils",
        "nixpkgs": [
          "nixpkgs"
        ]
      },
      "locked": {
        "dir": "pkgs/firefox-addons",
        "lastModified": 1703265473,
        "narHash": "sha256-K1HYRKlLAjroFfT+DDEmCfuyT7X7+MC5ggJVfBOfB20=",
        "owner": "rycee",
        "repo": "nur-expressions",
        "rev": "df0c32112abbf265303f615ea8055aa28480d350",
        "type": "gitlab"
      },
      "original": {
        "dir": "pkgs/firefox-addons",
        "owner": "rycee",
        "repo": "nur-expressions",
        "type": "gitlab"
      }
    },
    "flake-utils": {
      "locked": {
        "lastModified": 1629284811,
        "narHash": "sha256-JHgasjPR0/J1J3DRm4KxM4zTyAj4IOJY8vIl75v/kPI=",
        "owner": "numtide",
        "repo": "flake-utils",
        "rev": "c5d161cc0af116a2e17f54316f0bf43f0819785c",
        "type": "github"
      },
      "original": {
        "owner": "numtide",
        "repo": "flake-utils",
        "type": "github"
      }
    },
    "home-manager": {
      "inputs": {
        "nixpkgs": [
          "nixpkgs"
        ]
      },
      "locked": {
        "lastModified": 1702814678,
        "narHash": "sha256-zDtO0jV2QLoddUJinLlTQrQqCUW3dPiIWOSYgg98T7E=",
        "owner": "nix-community",
        "repo": "home-manager",
        "rev": "1488651d02c1a7a15e284210f0d380a62d8d8cef",
        "type": "github"
      },
      "original": {
        "owner": "nix-community",
        "ref": "release-23.11",
        "repo": "home-manager",
        "type": "github"
      }
    },
    "nixpkgs": {
      "locked": {
        "lastModified": 1702921762,
        "narHash": "sha256-O/rP7gulApQAB47u6szEd8Pn8Biw0d84j5iuP2tcxzY=",
        "owner": "NixOS",
        "repo": "nixpkgs",
        "rev": "d02ffbbe834b5599fc5f134e644e49397eb07188",
        "type": "github"
      },
      "original": {
        "owner": "NixOS",
        "ref": "nixos-23.11",
        "repo": "nixpkgs",
        "type": "github"
      }
    },
    "root": {
      "inputs": {
        "firefox-addons": "firefox-addons",
        "home-manager": "home-manager",
        "nixpkgs": "nixpkgs",
        "utilpkg": "utilpkg"
      }
    },
    "utilpkg": {
      "inputs": {
        "nixpkgs": [
          "nixpkgs"
        ]
      },
      "locked": {
        "lastModified": 1,
        "narHash": "sha256-B6H6Z595aKacBDVAbEc8gXeEr2YLZNm6JK43XPSKo10=",
        "path": "/nix/store/q8dkdvbif26q9vnvh19prj5qdlk8qrny-source/builds",
        "type": "path"
      },
      "original": {
        "path": "/nix/store/q8dkdvbif26q9vnvh19prj5qdlk8qrny-source/builds",
        "type": "path"
      }
    }
  },
  "root": "root",
  "version": 7
}
